# THIS IS AN AUTOGENERATED FILE. DO NOT EDIT THIS FILE DIRECTLY.
# yarn lockfile v1


comandante@0.0.1:
  version "0.0.1"
  resolved "https://registry.yarnpkg.com/comandante/-/comandante-0.0.1.tgz#8051da6082e87208aadd52bd817275b7c8035009"
  integrity sha1-gFHaYILocgiq3VK9gXJ1t8gDUAk=
  dependencies:
    duplexer "~0.0.2"

duplexer@~0.0.2:
  version "0.0.4"
  resolved "https://registry.yarnpkg.com/duplexer/-/duplexer-0.0.4.tgz#afcb7f1f8b8d74f820726171d5d64ac9e4a8ff20"
  integrity sha1-r8t/H4uNdPggcmFx1dZKyeSo/yA=

gnuplot@^0.3.1:
  version "0.3.1"
  resolved "https://registry.yarnpkg.com/gnuplot/-/gnuplot-0.3.1.tgz#faaad52a275594e82014cc08b7c3e73672b20b09"
  integrity sha1-+qrVKidVlOggFMwIt8PnNnKyCwk=
  dependencies:
    comandante "0.0.1"
